
Microsoft Visual Studio Solution File, Format Version 12.00
# Visual Studio 15
VisualStudioVersion = 15.0.28307.168
MinimumVisualStudioVersion = 10.0.40219.1
Project("{FAE04EC0-301F-11D3-BF4B-00C04F79EFBC}") = "SC_Server", "SC_Server\SC_Server.csproj", "{C2278DDD-5858-4243-8870-BE51A31E7F4D}"
EndProject
Project("{FAE04EC0-301F-11D3-BF4B-00C04F79EFBC}") = "SC_Common", "SC_Common\SC_Common.csproj", "{F9569107-92B0-44D7-8573-87B8B4A57AA9}"
EndProject
Global
	GlobalSection(SolutionConfigurationPlatforms) = preSolution
		Debug|Any CPU = Debug|Any CPU
		Release|Any CPU = Release|Any CPU
	EndGlobalSection
	GlobalSection(ProjectConfigurationPlatforms) = postSolution
		{C2278DDD-5858-4243-8870-BE51A31E7F4D}.Debug|Any CPU.ActiveCfg = Debug|Any CPU
		{C2278DDD-5858-4243-8870-BE51A31E7F4D}.Debug|Any CPU.Build.0 = Debug|Any CPU
		{C2278DDD-5858-4243-8870-BE51A31E7F4D}.Release|Any CPU.ActiveCfg = Release|Any CPU
		{C2278DDD-5858-4243-8870-BE51A31E7F4D}.Release|Any CPU.Build.0 = Release|Any CPU
		{F9569107-92B0-44D7-8573-87B8B4A57AA9}.Debug|Any CPU.ActiveCfg = Debug|Any CPU
		{F9569107-92B0-44D7-8573-87B8B4A57AA9}.Debug|Any CPU.Build.0 = Debug|Any CPU
		{F9569107-92B0-44D7-8573-87B8B4A57AA9}.Release|Any CPU.ActiveCfg = Release|Any CPU
		{F9569107-92B0-44D7-8573-87B8B4A57AA9}.Release|Any CPU.Build.0 = Release|Any CPU
	EndGlobalSection
	GlobalSection(SolutionProperties) = preSolution
		HideSolutionNode = FALSE
	EndGlobalSection
	GlobalSection(ExtensibilityGlobals) = postSolution
		SolutionGuid = {C654BFBC-EC7C-4D03-8132-B07875B4166F}
	EndGlobalSection
EndGlobal
